
Microsoft Visual Studio Solution File, Format Version 12.00
# Visual Studio Version 17
VisualStudioVersion = 17.5.002.0
MinimumVisualStudioVersion = 10.0.40219.1
Project("{9A19103F-16F7-4668-BE54-9A1E7A4F7556}") = "pcnintegrationservices", "pcnintegrationservices.csproj", "{D9B0ACA4-4E01-41BF-AB2F-358E85940B68}"
EndProject
Global
	GlobalSection(SolutionConfigurationPlatforms) = preSolution
		Debug|Any CPU = Debug|Any CPU
		Release|Any CPU = Release|Any CPU
	EndGlobalSection
	GlobalSection(ProjectConfigurationPlatforms) = postSolution
		{D9B0ACA4-4E01-41BF-AB2F-358E85940B68}.Debug|Any CPU.ActiveCfg = Debug|Any CPU
		{D9B0ACA4-4E01-41BF-AB2F-358E85940B68}.Debug|Any CPU.Build.0 = Debug|Any CPU
		{D9B0ACA4-4E01-41BF-AB2F-358E85940B68}.Release|Any CPU.ActiveCfg = Release|Any CPU
		{D9B0ACA4-4E01-41BF-AB2F-358E85940B68}.Release|Any CPU.Build.0 = Release|Any CPU
	EndGlobalSection
	GlobalSection(SolutionProperties) = preSolution
		HideSolutionNode = FALSE
	EndGlobalSection
	GlobalSection(ExtensibilityGlobals) = postSolution
		SolutionGuid = {E22E6DCD-7F7D-491E-B8CC-9237BE8105D8}
	EndGlobalSection
EndGlobal
